// !$*UTF8*$!
{
	archiveVersion = 1;
	classes = {
	};
	objectVersion = 46;
	objects = {

/* Begin PBXBuildFile section */
		4B6696E71E6528F900683A34 /* AppDelegate.swift in Sources */ = {isa = PBXBuildFile; fileRef = 4B6696E61E6528F900683A34 /* AppDelegate.swift */; };
		4B6696E91E6528F900683A34 /* ViewController.swift in Sources */ = {isa = PBXBuildFile; fileRef = 4B6696E81E6528F900683A34 /* ViewController.swift */; };
		4B6696EC1E6528F900683A34 /* Main.storyboard in Resources */ = {isa = PBXBuildFile; fileRef = 4B6696EA1E6528F900683A34 /* Main.storyboard */; };
		4B6696EE1E6528F900683A34 /* Assets.xcassets in Resources */ = {isa = PBXBuildFile; fileRef = 4B6696ED1E6528F900683A34 /* Assets.xcassets */; };
		4B6696F11E6528F900683A34 /* LaunchScreen.storyboard in Resources */ = {isa = PBXBuildFile; fileRef = 4B6696EF1E6528F900683A34 /* LaunchScreen.storyboard */; };
		4B6696F91E65294D00683A34 /* FoodDish.swift in Sources */ = {isa = PBXBuildFile; fileRef = 4B6696F81E65294D00683A34 /* FoodDish.swift */; };
		4B948D971E65408E000AAA87 /* FoodDishTableViewCell.swift in Sources */ = {isa = PBXBuildFile; fileRef = 4B948D961E65408E000AAA87 /* FoodDishTableViewCell.swift */; };
		4B948D991E65EAD6000AAA87 /* DetailViewController.swift in Sources */ = {isa = PBXBuildFile; fileRef = 4B948D981E65EAD6000AAA87 /* DetailViewController.swift */; };
		6B1FE507984C9FF9944F97E5 /* Pods_ApresCuisine.framework in Frameworks */ = {isa = PBXBuildFile; fileRef = 8ECB9FC36C290A6B81C7A9A8 /* Pods_ApresCuisine.framework */; };
/* End PBXBuildFile section */

/* Begin PBXFileReference section */
		4B6696E31E6528F900683A34 /* ApresCuisine.app */ = {isa = PBXFileReference; explicitFileType = wrapper.application; includeInIndex = 0; path = ApresCuisine.app; sourceTree = BUILT_PRODUCTS_DIR; };
		4B6696E61E6528F900683A34 /* AppDelegate.swift */ = {isa = PBXFileReference; lastKnownFileType = sourcecode.swift; path = AppDelegate.swift; sourceTree = "<group>"; };
		4B6696E81E6528F900683A34 /* ViewController.swift */ = {isa = PBXFileReference; lastKnownFileType = sourcecode.swift; path = ViewController.swift; sourceTree = "<group>"; };
		4B6696EB1E6528F900683A34 /* Base */ = {isa = PBXFileReference; lastKnownFileType = file.storyboard; name = Base; path = Base.lproj/Main.storyboard; sourceTree = "<group>"; };
		4B6696ED1E6528F900683A34 /* Assets.xcassets */ = {isa = PBXFileReference; lastKnownFileType = folder.assetcatalog; path = Assets.xcassets; sourceTree = "<group>"; };
		4B6696F01E6528F900683A34 /* Base */ = {isa = PBXFileReference; lastKnownFileType = file.storyboard; name = Base; path = Base.lproj/LaunchScreen.storyboard; sourceTree = "<group>"; };
		4B6696F21E6528F900683A34 /* Info.plist */ = {isa = PBXFileReference; lastKnownFileType = text.plist.xml; path = Info.plist; sourceTree = "<group>"; };
		4B6696F81E65294D00683A34 /* FoodDish.swift */ = {isa = PBXFileReference; fileEncoding = 4; lastKnownFileType = sourcecode.swift; path = FoodDish.swift; sourceTree = "<group>"; };
		4B948D961E65408E000AAA87 /* FoodDishTableViewCell.swift */ = {isa = PBXFileReference; fileEncoding = 4; lastKnownFileType = sourcecode.swift; path = FoodDishTableViewCell.swift; sourceTree = "<group>"; };
		4B948D981E65EAD6000AAA87 /* DetailViewController.swift */ = {isa = PBXFileReference; fileEncoding = 4; lastKnownFileType = sourcecode.swift; path = DetailViewController.swift; sourceTree = "<group>"; };
		5F2DE0476FD0347BEA454A7F /* Pods-ApresCuisine.release.xcconfig */ = {isa = PBXFileReference; includeInIndex = 1; lastKnownFileType = text.xcconfig; name = "Pods-ApresCuisine.release.xcconfig"; path = "Pods/Target Support Files/Pods-ApresCuisine/Pods-ApresCuisine.release.xcconfig"; sourceTree = "<group>"; };
		8ECB9FC36C290A6B81C7A9A8 /* Pods_ApresCuisine.framework */ = {isa = PBXFileReference; explicitFileType = wrapper.framework; includeInIndex = 0; path = Pods_ApresCuisine.framework; sourceTree = BUILT_PRODUCTS_DIR; };
		BCA40CAE00EA69542D37B77D /* Pods-ApresCuisine.debug.xcconfig */ = {isa = PBXFileReference; includeInIndex = 1; lastKnownFileType = text.xcconfig; name = "Pods-ApresCuisine.debug.xcconfig"; path = "Pods/Target Support Files/Pods-ApresCuisine/Pods-ApresCuisine.debug.xcconfig"; sourceTree = "<group>"; };
/* End PBXFileReference section */

/* Begin PBXFrameworksBuildPhase section */
		4B6696E01E6528F900683A34 /* Frameworks */ = {
			isa = PBXFrameworksBuildPhase;
			buildActionMask = 2147483647;
			files = (
				6B1FE507984C9FF9944F97E5 /* Pods_ApresCuisine.framework in Frameworks */,
			);
			runOnlyForDeploymentPostprocessing = 0;
		};
/* End PBXFrameworksBuildPhase section */

/* Begin PBXGroup section */
		08A9ED8501CFAB9E8A9B5C5F /* Pods */ = {
			isa = PBXGroup;
			children = (
				BCA40CAE00EA69542D37B77D /* Pods-ApresCuisine.debug.xcconfig */,
				5F2DE0476FD0347BEA454A7F /* Pods-ApresCuisine.release.xcconfig */,
			);
			name = Pods;
			sourceTree = "<group>";
		};
		4B6696DA1E6528F900683A34 = {
			isa = PBXGroup;
			children = (
				4B6696E51E6528F900683A34 /* ApresCuisine */,
				4B6696E41E6528F900683A34 /* Products */,
				08A9ED8501CFAB9E8A9B5C5F /* Pods */,
				F3E6B16B9527E80F363DB0C1 /* Frameworks */,
			);
			sourceTree = "<group>";
		};
		4B6696E41E6528F900683A34 /* Products */ = {
			isa = PBXGroup;
			children = (
				4B6696E31E6528F900683A34 /* ApresCuisine.app */,
			);
			name = Products;
			sourceTree = "<group>";
		};
		4B6696E51E6528F900683A34 /* ApresCuisine */ = {
			isa = PBXGroup;
			children = (
				4B6696E61E6528F900683A34 /* AppDelegate.swift */,
				4B6696E81E6528F900683A34 /* ViewController.swift */,
				4B948D981E65EAD6000AAA87 /* DetailViewController.swift */,
				4B6696F81E65294D00683A34 /* FoodDish.swift */,
				4B948D961E65408E000AAA87 /* FoodDishTableViewCell.swift */,
				4B6696EA1E6528F900683A34 /* Main.storyboard */,
				4B6696ED1E6528F900683A34 /* Assets.xcassets */,
				4B6696EF1E6528F900683A34 /* LaunchScreen.storyboard */,
				4B6696F21E6528F900683A34 /* Info.plist */,
			);
			path = ApresCuisine;
			sourceTree = "<group>";
		};
		F3E6B16B9527E80F363DB0C1 /* Frameworks */ = {
			isa = PBXGroup;
			children = (
				8ECB9FC36C290A6B81C7A9A8 /* Pods_ApresCuisine.framework */,
			);
			name = Frameworks;
			sourceTree = "<group>";
		};
/* End PBXGroup section */

/* Begin PBXNativeTarget section */
		4B6696E21E6528F900683A34 /* ApresCuisine */ = {
			isa = PBXNativeTarget;
			buildConfigurationList = 4B6696F51E6528F900683A34 /* Build configuration list for PBXNativeTarget "ApresCuisine" */;
			buildPhases = (
				FB0C1C00299E1406C483D1C4 /* [CP] Check Pods Manifest.lock */,
				4B6696DF1E6528F900683A34 /* Sources */,
				4B6696E01E6528F900683A34 /* Frameworks */,
				4B6696E11E6528F900683A34 /* Resources */,
				7B72C527CCE6F849A22CA68F /* [CP] Embed Pods Frameworks */,
				27796B946FE0547B0A5F0A92 /* [CP] Copy Pods Resources */,
			);
			buildRules = (
			);
			dependencies = (
			);
			name = ApresCuisine;
			productName = ApresCuisine;
			productReference = 4B6696E31E6528F900683A34 /* ApresCuisine.app */;
			productType = "com.apple.product-type.application";
		};
/* End PBXNativeTarget section */

/* Begin PBXProject section */
		4B6696DB1E6528F900683A34 /* Project object */ = {
			isa = PBXProject;
			attributes = {
				LastSwiftUpdateCheck = 0820;
				LastUpgradeCheck = 0820;
				ORGANIZATIONNAME = "Shane Empie";
				TargetAttributes = {
					4B6696E21E6528F900683A34 = {
						CreatedOnToolsVersion = 8.2.1;
						ProvisioningStyle = Automatic;
					};
				};
			};
			buildConfigurationList = 4B6696DE1E6528F900683A34 /* Build configuration list for PBXProject "ApresCuisine" */;
			compatibilityVersion = "Xcode 3.2";
			developmentRegion = English;
			hasScannedForEncodings = 0;
			knownRegions = (
				en,
				Base,
			);
			mainGroup = 4B6696DA1E6528F900683A34;
			productRefGroup = 4B6696E41E6528F900683A34 /* Products */;
			projectDirPath = "";
			projectRoot = "";
			targets = (
				4B6696E21E6528F900683A34 /* ApresCuisine */,
			);
		};
/* End PBXProject section */

/* Begin PBXResourcesBuildPhase section */
		4B6696E11E6528F900683A34 /* Resources */ = {
			isa = PBXResourcesBuildPhase;
			buildActionMask = 2147483647;
			files = (
				4B6696F11E6528F900683A34 /* LaunchScreen.storyboard in Resources */,
				4B6696EE1E6528F900683A34 /* Assets.xcassets in Resources */,
				4B6696EC1E6528F900683A34 /* Main.storyboard in Resources */,
			);
			runOnlyForDeploymentPostprocessing = 0;
		};
/* End PBXResourcesBuildPhase section */

/* Begin PBXShellScriptBuildPhase section */
		27796B946FE0547B0A5F0A92 /* [CP] Copy Pods Resources */ = {
			isa = PBXShellScriptBuildPhase;
			buildActionMask = 2147483647;
			files = (
			);
			inputPaths = (
			);
			name = "[CP] Copy Pods Resources";
			outputPaths = (
			);
			runOnlyForDeploymentPostprocessing = 0;
			shellPath = /bin/sh;
			shellScript = "\"${SRCROOT}/Pods/Target Support Files/Pods-ApresCuisine/Pods-ApresCuisine-resources.sh\"\n";
			showEnvVarsInLog = 0;
		};
		7B72C527CCE6F849A22CA68F /* [CP] Embed Pods Frameworks */ = {
			isa = PBXShellScriptBuildPhase;
			buildActionMask = 2147483647;
			files = (
			);
			inputPaths = (
			);
			name = "[CP] Embed Pods Frameworks";
			outputPaths = (
			);
			runOnlyForDeploymentPostprocessing = 0;
			shellPath = /bin/sh;
			shellScript = "\"${SRCROOT}/Pods/Target Support Files/Pods-ApresCuisine/Pods-ApresCuisine-frameworks.sh\"\n";
			showEnvVarsInLog = 0;
		};
		FB0C1C00299E1406C483D1C4 /* [CP] Check Pods Manifest.lock */ = {
			isa = PBXShellScriptBuildPhase;
			buildActionMask = 2147483647;
			files = (
			);
			inputPaths = (
			);
			name = "[CP] Check Pods Manifest.lock";
			outputPaths = (
			);
			runOnlyForDeploymentPostprocessing = 0;
			shellPath = /bin/sh;
			shellScript = "diff \"${PODS_ROOT}/../Podfile.lock\" \"${PODS_ROOT}/Manifest.lock\" > /dev/null\nif [ $? != 0 ] ; then\n    # print error to STDERR\n    echo \"error: The sandbox is not in sync with the Podfile.lock. Run 'pod install' or update your CocoaPods installation.\" >&2\n    exit 1\nfi\n";
			showEnvVarsInLog = 0;
		};
/* End PBXShellScriptBuildPhase section */

/* Begin PBXSourcesBuildPhase section */
		4B6696DF1E6528F900683A34 /* Sources */ = {
			isa = PBXSourcesBuildPhase;
			buildActionMask = 2147483647;
			files = (
				4B6696E91E6528F900683A34 /* ViewController.swift in Sources */,
				4B948D971E65408E000AAA87 /* FoodDishTableViewCell.swift in Sources */,
				4B948D991E65EAD6000AAA87 /* DetailViewController.swift in Sources */,
				4B6696E71E6528F900683A34 /* AppDelegate.swift in Sources */,
				4B6696F91E65294D00683A34 /* FoodDish.swift in Sources */,
			);
			runOnlyForDeploymentPostprocessing = 0;
		};
/* End PBXSourcesBuildPhase section */

/* Begin PBXVariantGroup section */
		4B6696EA1E6528F900683A34 /* Main.storyboard */ = {
			isa = PBXVariantGroup;
			children = (
				4B6696EB1E6528F900683A34 /* Base */,
			);
			name = Main.storyboard;
			sourceTree = "<group>";
		};
		4B6696EF1E6528F900683A34 /* LaunchScreen.storyboard */ = {
			isa = PBXVariantGroup;
			children = (
				4B6696F01E6528F900683A34 /* Base */,
			);
			name = LaunchScreen.storyboard;
			sourceTree = "<group>";
		};
/* End PBXVariantGroup section */

/* Begin XCBuildConfiguration section */
		4B6696F31E6528F900683A34 /* Debug */ = {
			isa = XCBuildConfiguration;
			buildSettings = {
				ALWAYS_SEARCH_USER_PATHS = NO;
				CLANG_ANALYZER_NONNULL = YES;
				CLANG_CXX_LANGUAGE_STANDARD = "gnu++0x";
				CLANG_CXX_LIBRARY = "libc++";
				CLANG_ENABLE_MODULES = YES;
				CLANG_ENABLE_OBJC_ARC = YES;
				CLANG_WARN_BOOL_CONVERSION = YES;
				CLANG_WARN_CONSTANT_CONVERSION = YES;
				CLANG_WARN_DIRECT_OBJC_ISA_USAGE = YES_ERROR;
				CLANG_WARN_DOCUMENTATION_COMMENTS = YES;
				CLANG_WARN_EMPTY_BODY = YES;
				CLANG_WARN_ENUM_CONVERSION = YES;
				CLANG_WARN_INFINITE_RECURSION = YES;
				CLANG_WARN_INT_CONVERSION = YES;
				CLANG_WARN_OBJC_ROOT_CLASS = YES_ERROR;
				CLANG_WARN_SUSPICIOUS_MOVE = YES;
				CLANG_WARN_UNREACHABLE_CODE = YES;
				CLANG_WARN__DUPLICATE_METHOD_MATCH = YES;
				"CODE_SIGN_IDENTITY[sdk=iphoneos*]" = "iPhone Developer";
				COPY_PHASE_STRIP = NO;
				DEBUG_INFORMATION_FORMAT = dwarf;
				ENABLE_STRICT_OBJC_MSGSEND = YES;
				ENABLE_TESTABILITY = YES;
				GCC_C_LANGUAGE_STANDARD = gnu99;
				GCC_DYNAMIC_NO_PIC = NO;
				GCC_NO_COMMON_BLOCKS = YES;
				GCC_OPTIMIZATION_LEVEL = 0;
				GCC_PREPROCESSOR_DEFINITIONS = (
					"DEBUG=1",
					"$(inherited)",
				);
				GCC_WARN_64_TO_32_BIT_CONVERSION = YES;
				GCC_WARN_ABOUT_RETURN_TYPE = YES_ERROR;
				GCC_WARN_UNDECLARED_SELECTOR = YES;
				GCC_WARN_UNINITIALIZED_AUTOS = YES_AGGRESSIVE;
				GCC_WARN_UNUSED_FUNCTION = YES;
				GCC_WARN_UNUSED_VARIABLE = YES;
				IPHONEOS_DEPLOYMENT_TARGET = 10.2;
				MTL_ENABLE_DEBUG_INFO = YES;
				ONLY_ACTIVE_ARCH = YES;
				SDKROOT = iphoneos;
				SWIFT_ACTIVE_COMPILATION_CONDITIONS = DEBUG;
				SWIFT_OPTIMIZATION_LEVEL = "-Onone";
				TARGETED_DEVICE_FAMILY = "1,2";
			};
			name = Debug;
		};
		4B6696F41E6528F900683A34 /* Release */ = {
			isa = XCBuildConfiguration;
			buildSettings = {
				ALWAYS_SEARCH_USER_PATHS = NO;
				CLANG_ANALYZER_NONNULL = YES;
				CLANG_CXX_LANGUAGE_STANDARD = "gnu++0x";
				CLANG_CXX_LIBRARY = "libc++";
				CLANG_ENABLE_MODULES = YES;
				CLANG_ENABLE_OBJC_ARC = YES;
				CLANG_WARN_BOOL_CONVERSION = YES;
				CLANG_WARN_CONSTANT_CONVERSION = YES;
				CLANG_WARN_DIRECT_OBJC_ISA_USAGE = YES_ERROR;
				CLANG_WARN_DOCUMENTATION_COMMENTS = YES;
				CLANG_WARN_EMPTY_BODY = YES;
				CLANG_WARN_ENUM_CONVERSION = YES;
				CLANG_WARN_INFINITE_RECURSION = YES;
				CLANG_WARN_INT_CONVERSION = YES;
				CLANG_WARN_OBJC_ROOT_CLASS = YES_ERROR;
				CLANG_WARN_SUSPICIOUS_MOVE = YES;
				CLANG_WARN_UNREACHABLE_CODE = YES;
				CLANG_WARN__DUPLICATE_METHOD_MATCH = YES;
				"CODE_SIGN_IDENTITY[sdk=iphoneos*]" = "iPhone Developer";
				COPY_PHASE_STRIP = NO;
				DEBUG_INFORMATION_FORMAT = "dwarf-with-dsym";
				ENABLE_NS_ASSERTIONS = NO;
				ENABLE_STRICT_OBJC_MSGSEND = YES;
				GCC_C_LANGUAGE_STANDARD = gnu99;
				GCC_NO_COMMON_BLOCKS = YES;
				GCC_WARN_64_TO_32_BIT_CONVERSION = YES;
				GCC_WARN_ABOUT_RETURN_TYPE = YES_ERROR;
				GCC_WARN_UNDECLARED_SELECTOR = YES;
				GCC_WARN_UNINITIALIZED_AUTOS = YES_AGGRESSIVE;
				GCC_WARN_UNUSED_FUNCTION = YES;
				GCC_WARN_UNUSED_VARIABLE = YES;
				IPHONEOS_DEPLOYMENT_TARGET = 10.2;
				MTL_ENABLE_DEBUG_INFO = NO;
				SDKROOT = iphoneos;
				SWIFT_OPTIMIZATION_LEVEL = "-Owholemodule";
				TARGETED_DEVICE_FAMILY = "1,2";
				VALIDATE_PRODUCT = YES;
			};
			name = Release;
		};
		4B6696F61E6528F900683A34 /* Debug */ = {
			isa = XCBuildConfiguration;
			baseConfigurationReference = BCA40CAE00EA69542D37B77D /* Pods-ApresCuisine.debug.xcconfig */;
			buildSettings = {
				ASSETCATALOG_COMPILER_APPICON_NAME = AppIcon;
				INFOPLIST_FILE = ApresCuisine/Info.plist;
				LD_RUNPATH_SEARCH_PATHS = "$(inherited) @executable_path/Frameworks";
				PRODUCT_BUNDLE_IDENTIFIER = wccnet.edu.sempie.ApresCuisine;
				PRODUCT_NAME = "$(TARGET_NAME)";
				SWIFT_VERSION = 3.0;
			};
			name = Debug;
		};
		4B6696F71E6528F900683A34 /* Release */ = {
			isa = XCBuildConfiguration;
			baseConfigurationReference = 5F2DE0476FD0347BEA454A7F /* Pods-ApresCuisine.release.xcconfig */;
			buildSettings = {
				ASSETCATALOG_COMPILER_APPICON_NAME = AppIcon;
				INFOPLIST_FILE = ApresCuisine/Info.plist;
				LD_RUNPATH_SEARCH_PATHS = "$(inherited) @executable_path/Frameworks";
				PRODUCT_BUNDLE_IDENTIFIER = wccnet.edu.sempie.ApresCuisine;
				PRODUCT_NAME = "$(TARGET_NAME)";
				SWIFT_VERSION = 3.0;
			};
			name = Release;
		};
/* End XCBuildConfiguration section */

/* Begin XCConfigurationList section */
		4B6696DE1E6528F900683A34 /* Build configuration list for PBXProject "ApresCuisine" */ = {
			isa = XCConfigurationList;
			buildConfigurations = (
				4B6696F31E6528F900683A34 /* Debug */,
				4B6696F41E6528F900683A34 /* Release */,
			);
			defaultConfigurationIsVisible = 0;
			defaultConfigurationName = Release;
		};
		4B6696F51E6528F900683A34 /* Build configuration list for PBXNativeTarget "ApresCuisine" */ = {
			isa = XCConfigurationList;
			buildConfigurations = (
				4B6696F61E6528F900683A34 /* Debug */,
				4B6696F71E6528F900683A34 /* Release */,
			);
			defaultConfigurationIsVisible = 0;
			defaultConfigurationName = Release;
		};
/* End XCConfigurationList section */
	};
	rootObject = 4B6696DB1E6528F900683A34 /* Project object */;
}
